
Microsoft Visual Studio Solution File, Format Version 12.00
# Visual Studio Version 16
VisualStudioVersion = 16.0.29318.209
MinimumVisualStudioVersion = 10.0.40219.1
Project("{FAE04EC0-301F-11D3-BF4B-00C04F79EFBC}") = "WebRTL", "WebRTL\WebRTL.csproj", "{70CDA5E4-F2D6-4029-8760-47E9EF6038A7}"
EndProject
Global
	GlobalSection(SolutionConfigurationPlatforms) = preSolution
		Debug|Any CPU = Debug|Any CPU
		Release|Any CPU = Release|Any CPU
	EndGlobalSection
	GlobalSection(ProjectConfigurationPlatforms) = postSolution
		{70CDA5E4-F2D6-4029-8760-47E9EF6038A7}.Debug|Any CPU.ActiveCfg = Debug|Any CPU
		{70CDA5E4-F2D6-4029-8760-47E9EF6038A7}.Debug|Any CPU.Build.0 = Debug|Any CPU
		{70CDA5E4-F2D6-4029-8760-47E9EF6038A7}.Release|Any CPU.ActiveCfg = Release|Any CPU
		{70CDA5E4-F2D6-4029-8760-47E9EF6038A7}.Release|Any CPU.Build.0 = Release|Any CPU
	EndGlobalSection
	GlobalSection(SolutionProperties) = preSolution
		HideSolutionNode = FALSE
	EndGlobalSection
	GlobalSection(ExtensibilityGlobals) = postSolution
		SolutionGuid = {FF1CCCF9-3BAA-44B9-99AD-08E2E141B509}
	EndGlobalSection
EndGlobal
